{
    "_meta": {
        "hash": {
            "sha256": "6b6ac4d657cfd78154d713b1c3d2cd585e22d96d616ef6368f4ef0f2292ecf64"
        },
        "pipfile-spec": 6,
        "requires": {
            "python_version": "3.10"
        },
        "sources": [
            {
                "name": "pypi",
                "url": "https://pypi.org/simple",
                "verify_ssl": true
            }
        ]
    },
    "default": {
        "beautifulsoup4": {
            "hashes": [
                "sha256:0e79446b10b3ecb499c1556f7e228a53e64a2bfcebd455f370d8927cb5b59e39",
                "sha256:bc4bdda6717de5a2987436fb8d72f45dc90dd856bdfd512a1314ce90349a0106"
            ],
            "index": "pypi",
            "markers": "python_full_version >= '3.6.0'",
            "version": "==4.11.2"
        },
        "certifi": {
            "hashes": [
                "sha256:539cc1d13202e33ca466e88b2807e29f4c13049d6d87031a3c110744495cb082",
                "sha256:92d6037539857d8206b8f6ae472e8b77db8058fec5937a1ef3f54304089edbb9"
            ],
            "markers": "python_version >= '3.6'",
            "version": "==2023.7.22"
        },
        "charset-normalizer": {
            "hashes": [
                "sha256:06cf46bdff72f58645434d467bf5228080801298fbba19fe268a01b4534467f5",
                "sha256:0c8c61fb505c7dad1d251c284e712d4e0372cef3b067f7ddf82a7fa82e1e9a93",
                "sha256:10b8dd31e10f32410751b3430996f9807fc4d1587ca69772e2aa940a82ab571a",
                "sha256:1171ef1fc5ab4693c5d151ae0fdad7f7349920eabbaca6271f95969fa0756c2d",
                "sha256:17a866d61259c7de1bdadef418a37755050ddb4b922df8b356503234fff7932c",
                "sha256:1d6bfc32a68bc0933819cfdfe45f9abc3cae3877e1d90aac7259d57e6e0f85b1",
                "sha256:1ec937546cad86d0dce5396748bf392bb7b62a9eeb8c66efac60e947697f0e58",
                "sha256:223b4d54561c01048f657fa6ce41461d5ad8ff128b9678cfe8b2ecd951e3f8a2",
                "sha256:2465aa50c9299d615d757c1c888bc6fef384b7c4aec81c05a0172b4400f98557",
                "sha256:28f512b9a33235545fbbdac6a330a510b63be278a50071a336afc1b78781b147",
                "sha256:2c092be3885a1b7899cd85ce24acedc1034199d6fca1483fa2c3a35c86e43041",
                "sha256:2c4c99f98fc3a1835af8179dcc9013f93594d0670e2fa80c83aa36346ee763d2",
                "sha256:31445f38053476a0c4e6d12b047b08ced81e2c7c712e5a1ad97bc913256f91b2",
                "sha256:31bbaba7218904d2eabecf4feec0d07469284e952a27400f23b6628439439fa7",
                "sha256:34d95638ff3613849f473afc33f65c401a89f3b9528d0d213c7037c398a51296",
                "sha256:352a88c3df0d1fa886562384b86f9a9e27563d4704ee0e9d56ec6fcd270ea690",
                "sha256:39b70a6f88eebe239fa775190796d55a33cfb6d36b9ffdd37843f7c4c1b5dc67",
                "sha256:3c66df3f41abee950d6638adc7eac4730a306b022570f71dd0bd6ba53503ab57",
                "sha256:3f70fd716855cd3b855316b226a1ac8bdb3caf4f7ea96edcccc6f484217c9597",
                "sha256:3f9bc2ce123637a60ebe819f9fccc614da1bcc05798bbbaf2dd4ec91f3e08846",
                "sha256:3fb765362688821404ad6cf86772fc54993ec11577cd5a92ac44b4c2ba52155b",
                "sha256:45f053a0ece92c734d874861ffe6e3cc92150e32136dd59ab1fb070575189c97",
                "sha256:46fb9970aa5eeca547d7aa0de5d4b124a288b42eaefac677bde805013c95725c",
                "sha256:4cb50a0335382aac15c31b61d8531bc9bb657cfd848b1d7158009472189f3d62",
                "sha256:4e12f8ee80aa35e746230a2af83e81bd6b52daa92a8afaef4fea4a2ce9b9f4fa",
                "sha256:4f3100d86dcd03c03f7e9c3fdb23d92e32abbca07e7c13ebd7ddfbcb06f5991f",
                "sha256:4f6e2a839f83a6a76854d12dbebde50e4b1afa63e27761549d006fa53e9aa80e",
                "sha256:4f861d94c2a450b974b86093c6c027888627b8082f1299dfd5a4bae8e2292821",
                "sha256:501adc5eb6cd5f40a6f77fbd90e5ab915c8fd6e8c614af2db5561e16c600d6f3",
                "sha256:520b7a142d2524f999447b3a0cf95115df81c4f33003c51a6ab637cbda9d0bf4",
                "sha256:548eefad783ed787b38cb6f9a574bd8664468cc76d1538215d510a3cd41406cb",
                "sha256:555fe186da0068d3354cdf4bbcbc609b0ecae4d04c921cc13e209eece7720727",
                "sha256:55602981b2dbf8184c098bc10287e8c245e351cd4fdcad050bd7199d5a8bf514",
                "sha256:58e875eb7016fd014c0eea46c6fa92b87b62c0cb31b9feae25cbbe62c919f54d",
                "sha256:5a3580a4fdc4ac05f9e53c57f965e3594b2f99796231380adb2baaab96e22761",
                "sha256:5b70bab78accbc672f50e878a5b73ca692f45f5b5e25c8066d748c09405e6a55",
                "sha256:5ceca5876032362ae73b83347be8b5dbd2d1faf3358deb38c9c88776779b2e2f",
                "sha256:61f1e3fb621f5420523abb71f5771a204b33c21d31e7d9d86881b2cffe92c47c",
                "sha256:633968254f8d421e70f91c6ebe71ed0ab140220469cf87a9857e21c16687c034",
                "sha256:63a6f59e2d01310f754c270e4a257426fe5a591dc487f1983b3bbe793cf6bac6",
                "sha256:63accd11149c0f9a99e3bc095bbdb5a464862d77a7e309ad5938fbc8721235ae",
                "sha256:6db3cfb9b4fcecb4390db154e75b49578c87a3b9979b40cdf90d7e4b945656e1",
                "sha256:71ef3b9be10070360f289aea4838c784f8b851be3ba58cf796262b57775c2f14",
                "sha256:7ae8e5142dcc7a49168f4055255dbcced01dc1714a90a21f87448dc8d90617d1",
                "sha256:7b6cefa579e1237ce198619b76eaa148b71894fb0d6bcf9024460f9bf30fd228",
                "sha256:800561453acdecedaac137bf09cd719c7a440b6800ec182f077bb8e7025fb708",
                "sha256:82ca51ff0fc5b641a2d4e1cc8c5ff108699b7a56d7f3ad6f6da9dbb6f0145b48",
                "sha256:851cf693fb3aaef71031237cd68699dded198657ec1e76a76eb8be58c03a5d1f",
                "sha256:854cc74367180beb327ab9d00f964f6d91da06450b0855cbbb09187bcdb02de5",
                "sha256:87071618d3d8ec8b186d53cb6e66955ef2a0e4fa63ccd3709c0c90ac5a43520f",
                "sha256:871d045d6ccc181fd863a3cd66ee8e395523ebfbc57f85f91f035f50cee8e3d4",
                "sha256:8aee051c89e13565c6bd366813c386939f8e928af93c29fda4af86d25b73d8f8",
                "sha256:8af5a8917b8af42295e86b64903156b4f110a30dca5f3b5aedea123fbd638bff",
                "sha256:8ec8ef42c6cd5856a7613dcd1eaf21e5573b2185263d87d27c8edcae33b62a61",
                "sha256:91e43805ccafa0a91831f9cd5443aa34528c0c3f2cc48c4cb3d9a7721053874b",
                "sha256:9505dc359edb6a330efcd2be825fdb73ee3e628d9010597aa1aee5aa63442e97",
                "sha256:985c7965f62f6f32bf432e2681173db41336a9c2611693247069288bcb0c7f8b",
                "sha256:9a74041ba0bfa9bc9b9bb2cd3238a6ab3b7618e759b41bd15b5f6ad958d17605",
                "sha256:9edbe6a5bf8b56a4a84533ba2b2f489d0046e755c29616ef8830f9e7d9cf5728",
                "sha256:a15c1fe6d26e83fd2e5972425a772cca158eae58b05d4a25a4e474c221053e2d",
                "sha256:a66bcdf19c1a523e41b8e9d53d0cedbfbac2e93c649a2e9502cb26c014d0980c",
                "sha256:ae4070f741f8d809075ef697877fd350ecf0b7c5837ed68738607ee0a2c572cf",
                "sha256:ae55d592b02c4349525b6ed8f74c692509e5adffa842e582c0f861751701a673",
                "sha256:b578cbe580e3b41ad17b1c428f382c814b32a6ce90f2d8e39e2e635d49e498d1",
                "sha256:b891a2f68e09c5ef989007fac11476ed33c5c9994449a4e2c3386529d703dc8b",
                "sha256:baec8148d6b8bd5cee1ae138ba658c71f5b03e0d69d5907703e3e1df96db5e41",
                "sha256:bb06098d019766ca16fc915ecaa455c1f1cd594204e7f840cd6258237b5079a8",
                "sha256:bc791ec3fd0c4309a753f95bb6c749ef0d8ea3aea91f07ee1cf06b7b02118f2f",
                "sha256:bd28b31730f0e982ace8663d108e01199098432a30a4c410d06fe08fdb9e93f4",
                "sha256:be4d9c2770044a59715eb57c1144dedea7c5d5ae80c68fb9959515037cde2008",
                "sha256:c0c72d34e7de5604df0fde3644cc079feee5e55464967d10b24b1de268deceb9",
                "sha256:c0e842112fe3f1a4ffcf64b06dc4c61a88441c2f02f373367f7b4c1aa9be2ad5",
                "sha256:c15070ebf11b8b7fd1bfff7217e9324963c82dbdf6182ff7050519e350e7ad9f",
                "sha256:c2000c54c395d9e5e44c99dc7c20a64dc371f777faf8bae4919ad3e99ce5253e",
                "sha256:c30187840d36d0ba2893bc3271a36a517a717f9fd383a98e2697ee890a37c273",
                "sha256:cb7cd68814308aade9d0c93c5bd2ade9f9441666f8ba5aa9c2d4b389cb5e2a45",
                "sha256:cd805513198304026bd379d1d516afbf6c3c13f4382134a2c526b8b854da1c2e",
                "sha256:d0bf89afcbcf4d1bb2652f6580e5e55a840fdf87384f6063c4a4f0c95e378656",
                "sha256:d9137a876020661972ca6eec0766d81aef8a5627df628b664b234b73396e727e",
                "sha256:dbd95e300367aa0827496fe75a1766d198d34385a58f97683fe6e07f89ca3e3c",
                "sha256:dced27917823df984fe0c80a5c4ad75cf58df0fbfae890bc08004cd3888922a2",
                "sha256:de0b4caa1c8a21394e8ce971997614a17648f94e1cd0640fbd6b4d14cab13a72",
                "sha256:debb633f3f7856f95ad957d9b9c781f8e2c6303ef21724ec94bea2ce2fcbd056",
                "sha256:e372d7dfd154009142631de2d316adad3cc1c36c32a38b16a4751ba78da2a397",
                "sha256:ecd26be9f112c4f96718290c10f4caea6cc798459a3a76636b817a0ed7874e42",
                "sha256:edc0202099ea1d82844316604e17d2b175044f9bcb6b398aab781eba957224bd",
                "sha256:f194cce575e59ffe442c10a360182a986535fd90b57f7debfaa5c845c409ecc3",
                "sha256:f5fb672c396d826ca16a022ac04c9dce74e00a1c344f6ad1a0fdc1ba1f332213",
                "sha256:f6a02a3c7950cafaadcd46a226ad9e12fc9744652cc69f9e5534f98b47f3bbcf",
                "sha256:fe81b35c33772e56f4b6cf62cf4aedc1762ef7162a31e6ac7fe5e40d0149eb67"
            ],
            "markers": "python_full_version >= '3.7.0'",
            "version": "==3.3.1"
        },
        "ephem": {
            "hashes": [
                "sha256:02316f8ebb3f82273bc5fbb2970fd98bfb56ed8349197aff0f56c9b5fa04e47a",
                "sha256:0266cf69d594bd94034bd13c18dbcef13b301acd7357d7cf7d1bb8acaf7f00b4",
                "sha256:0796dbcd24f76af0e81c22e1f709b42873ef81d2c4dfa962f8d346f11489785d",
                "sha256:0849f522d1ad4daac5407307be786a54283599cfe87f3fcfc677153db45d7e22",
                "sha256:0c64a8aa401574c75942045b9af70d1656e14c5366151c0cbb400cbeedc2362a",
                "sha256:13f800e03aad215ae6a4217122e64d0ce90e914574f8b5afa381d81dad0eecaa",
                "sha256:1c6e7523d8856caa4ac53db1988693ce7a516fb25c1cd3c74a3472f951691c0e",
                "sha256:1e99ba9fbd5c136fc18b94fe5e709a7c4a19f13ed1c6a16bdec448cbd7d1bcb1",
                "sha256:203bd3f00c49012bd07eb2627bcf9538f608b3431cb8053a7d3115e1df396312",
                "sha256:21e8239ec63c9c6a1ab4d8c578bf6b34c114a3754b80c2e02ce07de827925353",
                "sha256:261f82bd821cfbb8a056bb834da06d19d3afd3eb735c8cd549f775e45caef502",
                "sha256:2b38d0033f7e4ba6e2f5c9ecfc0827d619796ff182d98cc0adb62c6bce701fe0",
                "sha256:3733d751c015d28bc043d543c47cee8d0a699a8330d3d34c9afdbd7e96310842",
                "sha256:37751e9bdb10ae109a2e7d7353911470ee5752f5caee4bbe0d764a39cdd57a5a",
                "sha256:39dcc1b00882a2782771b12731a943706da8990c89be75caa294f0574cca661f",
                "sha256:3b46aa3f576d528a9dd4357b18c3e59308d0a1e537e45fe91df3753fa63100bf",
                "sha256:3bea9cb5a4a98d9c51430a395c4ad4f6307402fa7d3ffbe1bb28f7508e094dd3",
                "sha256:3db8d53a37c772e1b132f5ed3535027d73e8dca4ead99a7563f09c4308996b63",
                "sha256:3f95e89ab21e5214dbadfd41f9c94ce538bcd4411c18400cc638a00df728d67c",
                "sha256:4a69b27eb82d7c0dccdd54e11ad27f3cadcddb02169a570ac7864dbaa9a10486",
                "sha256:4c8a70e36632e88227c4ba8184fd91dbd32d0140f799202b5fb8510508f4c8e4",
                "sha256:4e9c15b5e5386cbee128737465ad7b042f57603c3e75bdbab84cd71b416127cf",
                "sha256:4f53899fbcdd14790b7a61aa70218337e1c6aabc26af99d2485ed6d98fec8cee",
                "sha256:51c17c62b031ec246546aa482d98e9a5573405385eb7adf7154f5a1af309ac8a",
                "sha256:53df72aa3e2f1359ed56587b1930d0030fec030db71744564a83c10ea54316a7",
                "sha256:543ddd9e6bf573c24c1ccf30257ec655d8be00e28279fbdadbc774927d949663",
                "sha256:5496ebc21b2873e986836ad0756818bee80ed6deee58e1167a9876e4a64f0bbf",
                "sha256:6219412800138f489733cb3a8b4fab0a8b3ef2dd5ec143aff35950dca9a71c36",
                "sha256:692f8dea9e91447c6406e9ee7001075d5794948677f5f8ee4601c146509b15b1",
                "sha256:6b044d4e3b11953b0543cbd10468bf84afaa840d165c6effbffff3c15d721234",
                "sha256:6fde92b6cc7837c141506a09f721f983e31b32785a9680f4d075be9763dc931b",
                "sha256:7122f46a0ce2c2551360bf43b693a3f1f543c0aa6e736b2513bc3203df27df7c",
                "sha256:740a5950b31ac9a7ca40a95b7cfb1678e747e860f77ac0030984c10dc5464e7f",
                "sha256:7952e8b54c771be6a58ce9aca91d729bcdace2293c68fe825df3433995aedafc",
                "sha256:7b6384a032897d3e47da92ccc3348b74517c0dcf478a63b8cdedf69c177bccd2",
                "sha256:82025d4a6d5f6d76a1f45b4eb940030be93e38a3ac3c589990172beac53c854e",
                "sha256:83921b341b4f4725e59c1463b9613f3fd3991392e17904170b146f5d6945afcb",
                "sha256:864d6aba1699f26e7768ed424d5218396300dce6d8deccb1c97164a424343675",
                "sha256:87e5be99ebc3bfa1dc70f31ba737dcdf9f6219570fa9a5729d0ff60134c7dc43",
                "sha256:8a2347ad88aad026dff6f00b931bd2b0d6b4f184bf65ffd4b62f557526bf335d",
                "sha256:8d1ca9cec961115a6197faee6ae2231bc76f9a7090bfdf759c810718c7715db9",
                "sha256:8f8f5dd5b1343dc77ea891ab423677a631fd7b820bbbeac7ec53ee332e8a4ca5",
                "sha256:9495d515a6f49bd7a90f58320af1a95e4c3ab89307fbf31045cf05570f779eaf",
                "sha256:972ff0942ddf0f4ac5124bd974608b8371b22e84ab5ed49b4634455331f41987",
                "sha256:9b01734c27ce38705418191322fd7bd0372d9709d326263991b1c7e1bc75a59f",
                "sha256:9b56f805aa26818e7efa46c2bf98417f677e4dc9ae1b6ef278747d823c7d4df6",
                "sha256:9d2922e6cb66434e9edd3764b103b6bdd394a701bd39395c46f0a7751b9829ee",
                "sha256:9ee2a4966167a0300db2c9155e4b64fc1a6bb67ca869659d4c0342869c44d4f3",
                "sha256:9fa8ee5d77a8a27a21d39142ee7c6332915b9e79a416a941cbc6f3db64c32cfe",
                "sha256:a5058cfcf36643b11198d54266137d7db8476d66b2c9ff5e4e35638fc3254a2d",
                "sha256:a68dd823d823ace3ecd94b3cf926d51ae8aa88ce248159850a8db45547720843",
                "sha256:a7c904e6df8511bfad2a3119d2ba2333d94953d0d212b31725f4f749267f21cc",
                "sha256:afefe022448f09c3e15472bd3ad30fa4824f8c4a9de65216b9952b9dfcec8750",
                "sha256:b1f509901dcf2b95cc175be39c90eb457e081f8ed9762f4aae74f45e092c7f8b",
                "sha256:b3e385d8447d908be6dd8c53c4452fee7d61040c9b6bb5a60195b57c85545ca6",
                "sha256:b45b9b15e65c7f26c1342b70e06e49bd83a9c527affe9de0fb5953a3a25a0cda",
                "sha256:b5cf0e29657001482f3ed8eeaf1757c67b8d8fdc9c90e57b8d544fd1e7e4d6b3",
                "sha256:b95bf8c92a5eae665d63371440b93778b2508ad448907d12f72ed6ed08ea476c",
                "sha256:bcae4b30c4a7474cfc102610f23a4a114196c8d15165cbc0551fb0d542a768eb",
                "sha256:bd85a8b5b20020e791273f9cfd80510e4f647c362e5a3b7aec2abcb604d8d02a",
                "sha256:be6c4ced150d79ab6b5ff3bb7545fee26cf7f4f64ccf476a14850a63bbf125e7",
                "sha256:beea8cccaf184cd2a16c091b0ce92293f1128e49fd43e3c81e79c9f8d051cea6",
                "sha256:c0f7f4a9de84a4ef8ce77ee980a963bb7725791caa3cb3389490ed35be1d06e8",
                "sha256:c109219a4728281dd4e8b1e9f449900d7a63e9400ef43c85151750d4725b0c9e",
                "sha256:c1eed128e5f6e551bc50cfaa87395cef7f03d65537fe4e8502704d200279e3b2",
                "sha256:c4183bc20f5933c9fad3d754f9a9ac75dc9ea0d8c6a7faff63de5d28d6bf26d9",
                "sha256:cac6ed1664e7db22f3aadd8bc6b7afed191b8d5ce3aab9a00d719890a7c344d2",
                "sha256:cc612e5d1829f64a8db55d8b2566bef4ce479c1bbee110fedf3197170635f70c",
                "sha256:cc6a49fd3250cf67305230da962d779632b13da2a8fae5c383e973fa113baa97",
                "sha256:cf745e4f02455d6c0f1d85a61206c420ee2c909b392266109e2da2d3a8c023db",
                "sha256:cf81a3bfa15d84871c4f87ecbf92280184ce96619cacdfe55f761d510a7f81db",
                "sha256:d7c446228a8756fa39876701abf34d516cd9b49b867d52c2f661f1cf1d927335",
                "sha256:e067f98b6cd9da55a5de9ce7b2e1222574006b4c3083363eda507ce97ce9867b",
                "sha256:e1772852072727e848b5fe035ce7d9dc4662c1baffbd9e4cd7467ecf384db1d9",
                "sha256:e21a8120569f315ce181f2e654528cd10c18cb92382248de90574effed57d227",
                "sha256:ec7ddf15c319a83fb5dadff58bb6e5fbcaff09338f5c2a1b2c7b1445b87002b5",
                "sha256:f319ca58ee2ee27c18e42657ad8d3d1b0251dd369c9fd60af45b2bc2c42ded0a",
                "sha256:f4ff7153ac577cb336e08fdc7a76ac91185b2af5dae9ba3ae9d0e87af3ac35c3",
                "sha256:faf5b786ed28e7d00704d2cf3862dec75223790ed800c285a91acfa538b1755c",
                "sha256:fb55fc94512d0c46e610fa67af5fcad51e28aa2b30f7e88ef4cb38c7a443e81a",
                "sha256:fd76c85313b44e4a9b2e8a14f8e5ffbf43541b3cd023d623664f1dca8c8bf407",
                "sha256:fd984e38c5078be8cb881ed75c69b2204a1d7fd2230571fc92112edfc5362bf6",
                "sha256:ff1436219d2dad1433c5f0a61f3a947ab6d4c622cc6a90d7cb5c2e28a8669fba"
            ],
            "index": "pypi",
            "version": "==4.1.5"
        },
        "fake-useragent": {
            "hashes": [
                "sha256:0b3a223b4c03e3df46b0e9ff53ad26cf4690f68871396b9c59a7fa6ee830c395",
                "sha256:73cee1d10bcd1deb25a15e916f6674c537d2d9088ecb4d7af98c2619f83827d1"
            ],
            "index": "pypi",
            "version": "==1.3.0"
        },
        "idna": {
            "hashes": [
                "sha256:814f528e8dead7d329833b91c5faa87d60bf71824cd12a7530b5526063d02cb4",
                "sha256:90b77e79eaa3eba6de819a0c442c0b4ceefc341a7a2ab77d7562bf49f425c5c2"
            ],
            "markers": "python_version >= '3.5'",
            "version": "==3.4"
        },
        "lxml": {
            "hashes": [
                "sha256:01d36c05f4afb8f7c20fd9ed5badca32a2029b93b1750f571ccc0b142531caf7",
                "sha256:04876580c050a8c5341d706dd464ff04fd597095cc8c023252566a8826505726",
                "sha256:05ca3f6abf5cf78fe053da9b1166e062ade3fa5d4f92b4ed688127ea7d7b1d03",
                "sha256:090c6543d3696cbe15b4ac6e175e576bcc3f1ccfbba970061b7300b0c15a2140",
                "sha256:0dc313ef231edf866912e9d8f5a042ddab56c752619e92dfd3a2c277e6a7299a",
                "sha256:0f2b1e0d79180f344ff9f321327b005ca043a50ece8713de61d1cb383fb8ac05",
                "sha256:13598ecfbd2e86ea7ae45ec28a2a54fb87ee9b9fdb0f6d343297d8e548392c03",
                "sha256:16efd54337136e8cd72fb9485c368d91d77a47ee2d42b057564aae201257d419",
                "sha256:1ab8f1f932e8f82355e75dda5413a57612c6ea448069d4fb2e217e9a4bed13d4",
                "sha256:223f4232855ade399bd409331e6ca70fb5578efef22cf4069a6090acc0f53c0e",
                "sha256:2455cfaeb7ac70338b3257f41e21f0724f4b5b0c0e7702da67ee6c3640835b67",
                "sha256:2899456259589aa38bfb018c364d6ae7b53c5c22d8e27d0ec7609c2a1ff78b50",
                "sha256:2a29ba94d065945944016b6b74e538bdb1751a1db6ffb80c9d3c2e40d6fa9894",
                "sha256:2a87fa548561d2f4643c99cd13131acb607ddabb70682dcf1dff5f71f781a4bf",
                "sha256:2e430cd2824f05f2d4f687701144556646bae8f249fd60aa1e4c768ba7018947",
                "sha256:36c3c175d34652a35475a73762b545f4527aec044910a651d2bf50de9c3352b1",
                "sha256:3818b8e2c4b5148567e1b09ce739006acfaa44ce3156f8cbbc11062994b8e8dd",
                "sha256:3ab9fa9d6dc2a7f29d7affdf3edebf6ece6fb28a6d80b14c3b2fb9d39b9322c3",
                "sha256:3efea981d956a6f7173b4659849f55081867cf897e719f57383698af6f618a92",
                "sha256:4c8f293f14abc8fd3e8e01c5bd86e6ed0b6ef71936ded5bf10fe7a5efefbaca3",
                "sha256:5344a43228767f53a9df6e5b253f8cdca7dfc7b7aeae52551958192f56d98457",
                "sha256:58bfa3aa19ca4c0f28c5dde0ff56c520fbac6f0daf4fac66ed4c8d2fb7f22e74",
                "sha256:5b4545b8a40478183ac06c073e81a5ce4cf01bf1734962577cf2bb569a5b3bbf",
                "sha256:5f50a1c177e2fa3ee0667a5ab79fdc6b23086bc8b589d90b93b4bd17eb0e64d1",
                "sha256:63da2ccc0857c311d764e7d3d90f429c252e83b52d1f8f1d1fe55be26827d1f4",
                "sha256:6749649eecd6a9871cae297bffa4ee76f90b4504a2a2ab528d9ebe912b101975",
                "sha256:6804daeb7ef69e7b36f76caddb85cccd63d0c56dedb47555d2fc969e2af6a1a5",
                "sha256:689bb688a1db722485e4610a503e3e9210dcc20c520b45ac8f7533c837be76fe",
                "sha256:699a9af7dffaf67deeae27b2112aa06b41c370d5e7633e0ee0aea2e0b6c211f7",
                "sha256:6b418afe5df18233fc6b6093deb82a32895b6bb0b1155c2cdb05203f583053f1",
                "sha256:76cf573e5a365e790396a5cc2b909812633409306c6531a6877c59061e42c4f2",
                "sha256:7b515674acfdcadb0eb5d00d8a709868173acece5cb0be3dd165950cbfdf5409",
                "sha256:7b770ed79542ed52c519119473898198761d78beb24b107acf3ad65deae61f1f",
                "sha256:7d2278d59425777cfcb19735018d897ca8303abe67cc735f9f97177ceff8027f",
                "sha256:7e91ee82f4199af8c43d8158024cbdff3d931df350252288f0d4ce656df7f3b5",
                "sha256:821b7f59b99551c69c85a6039c65b75f5683bdc63270fec660f75da67469ca24",
                "sha256:822068f85e12a6e292803e112ab876bc03ed1f03dddb80154c395f891ca6b31e",
                "sha256:8340225bd5e7a701c0fa98284c849c9b9fc9238abf53a0ebd90900f25d39a4e4",
                "sha256:85cabf64adec449132e55616e7ca3e1000ab449d1d0f9d7f83146ed5bdcb6d8a",
                "sha256:880bbbcbe2fca64e2f4d8e04db47bcdf504936fa2b33933efd945e1b429bea8c",
                "sha256:8d0b4612b66ff5d62d03bcaa043bb018f74dfea51184e53f067e6fdcba4bd8de",
                "sha256:8e20cb5a47247e383cf4ff523205060991021233ebd6f924bca927fcf25cf86f",
                "sha256:925073b2fe14ab9b87e73f9a5fde6ce6392da430f3004d8b72cc86f746f5163b",
                "sha256:998c7c41910666d2976928c38ea96a70d1aa43be6fe502f21a651e17483a43c5",
                "sha256:9b22c5c66f67ae00c0199f6055705bc3eb3fcb08d03d2ec4059a2b1b25ed48d7",
                "sha256:9f102706d0ca011de571de32c3247c6476b55bb6bc65a20f682f000b07a4852a",
                "sha256:a08cff61517ee26cb56f1e949cca38caabe9ea9fbb4b1e10a805dc39844b7d5c",
                "sha256:a0a336d6d3e8b234a3aae3c674873d8f0e720b76bc1d9416866c41cd9500ffb9",
                "sha256:a35f8b7fa99f90dd2f5dc5a9fa12332642f087a7641289ca6c40d6e1a2637d8e",
                "sha256:a38486985ca49cfa574a507e7a2215c0c780fd1778bb6290c21193b7211702ab",
                "sha256:a5da296eb617d18e497bcf0a5c528f5d3b18dadb3619fbdadf4ed2356ef8d941",
                "sha256:a6e441a86553c310258aca15d1c05903aaf4965b23f3bc2d55f200804e005ee5",
                "sha256:a82d05da00a58b8e4c0008edbc8a4b6ec5a4bc1e2ee0fb6ed157cf634ed7fa45",
                "sha256:ab323679b8b3030000f2be63e22cdeea5b47ee0abd2d6a1dc0c8103ddaa56cd7",
                "sha256:b1f42b6921d0e81b1bcb5e395bc091a70f41c4d4e55ba99c6da2b31626c44892",
                "sha256:b23e19989c355ca854276178a0463951a653309fb8e57ce674497f2d9f208746",
                "sha256:b264171e3143d842ded311b7dccd46ff9ef34247129ff5bf5066123c55c2431c",
                "sha256:b26a29f0b7fc6f0897f043ca366142d2b609dc60756ee6e4e90b5f762c6adc53",
                "sha256:b64d891da92e232c36976c80ed7ebb383e3f148489796d8d31a5b6a677825efe",
                "sha256:b9cc34af337a97d470040f99ba4282f6e6bac88407d021688a5d585e44a23184",
                "sha256:bc718cd47b765e790eecb74d044cc8d37d58562f6c314ee9484df26276d36a38",
                "sha256:be7292c55101e22f2a3d4d8913944cbea71eea90792bf914add27454a13905df",
                "sha256:c83203addf554215463b59f6399835201999b5e48019dc17f182ed5ad87205c9",
                "sha256:c9ec3eaf616d67db0764b3bb983962b4f385a1f08304fd30c7283954e6a7869b",
                "sha256:ca34efc80a29351897e18888c71c6aca4a359247c87e0b1c7ada14f0ab0c0fb2",
                "sha256:ca989b91cf3a3ba28930a9fc1e9aeafc2a395448641df1f387a2d394638943b0",
                "sha256:d02a5399126a53492415d4906ab0ad0375a5456cc05c3fc0fc4ca11771745cda",
                "sha256:d17bc7c2ccf49c478c5bdd447594e82692c74222698cfc9b5daae7ae7e90743b",
                "sha256:d5bf6545cd27aaa8a13033ce56354ed9e25ab0e4ac3b5392b763d8d04b08e0c5",
                "sha256:d6b430a9938a5a5d85fc107d852262ddcd48602c120e3dbb02137c83d212b380",
                "sha256:da248f93f0418a9e9d94b0080d7ebc407a9a5e6d0b57bb30db9b5cc28de1ad33",
                "sha256:da4dd7c9c50c059aba52b3524f84d7de956f7fef88f0bafcf4ad7dde94a064e8",
                "sha256:df0623dcf9668ad0445e0558a21211d4e9a149ea8f5666917c8eeec515f0a6d1",
                "sha256:e5168986b90a8d1f2f9dc1b841467c74221bd752537b99761a93d2d981e04889",
                "sha256:efa29c2fe6b4fdd32e8ef81c1528506895eca86e1d8c4657fda04c9b3786ddf9",
                "sha256:f1496ea22ca2c830cbcbd473de8f114a320da308438ae65abad6bab7867fe38f",
                "sha256:f49e52d174375a7def9915c9f06ec4e569d235ad428f70751765f48d5926678c"
            ],
            "index": "pypi",
            "markers": "python_version >= '2.7' and python_version not in '3.0, 3.1, 3.2, 3.3, 3.4'",
            "version": "==4.9.2"
        },
        "requests": {
            "hashes": [
                "sha256:64299f4909223da747622c030b781c0d7811e359c37124b4bd368fb8c6518baa",
                "sha256:98b1b2782e3c6c4904938b84c0eb932721069dfdb9134313beff7c83c2df24bf"
            ],
            "index": "pypi",
            "markers": "python_version >= '3.7' and python_version < '4'",
            "version": "==2.28.2"
        },
        "soupsieve": {
            "hashes": [
                "sha256:5663d5a7b3bfaeee0bc4372e7fc48f9cff4940b3eec54a6451cc5299f1097690",
                "sha256:eaa337ff55a1579b6549dc679565eac1e3d000563bcb1c8ab0d0fefbc0c2cdc7"
            ],
            "markers": "python_version >= '3.8'",
            "version": "==2.5"
        },
        "tzdata": {
            "hashes": [
                "sha256:11ef1e08e54acb0d4f95bdb1be05da659673de4acbd21bf9c69e94cc5e907a3a",
                "sha256:7e65763eef3120314099b6939b5546db7adce1e7d6f2e179e3df563c70511eda"
            ],
            "index": "pypi",
            "markers": "python_version >= '2'",
            "version": "==2023.3"
        },
        "urllib3": {
            "hashes": [
                "sha256:34b97092d7e0a3a8cf7cd10e386f401b3737364026c45e622aa02903dffe0f07",
                "sha256:f8ecc1bba5667413457c529ab955bf8c67b45db799d159066261719e328580a0"
            ],
            "markers": "python_version >= '2.7' and python_version not in '3.0, 3.1, 3.2, 3.3, 3.4, 3.5'",
            "version": "==1.26.18"
        }
    },
    "develop": {}
}
